// !$*UTF8*$!
{
	archiveVersion = 1;
	classes = {
	};
	objectVersion = 56;
	objects = {

/* Begin PBXBuildFile section */
		1B1D29BD2BA9BBB0003A5AC6 /* StartupPageViewController.swift in Sources */ = {isa = PBXBuildFile; fileRef = 1B1D29BC2BA9BBB0003A5AC6 /* StartupPageViewController.swift */; };
		1B1D29BF2BA9BBD2003A5AC6 /* SignUpViewController.swift in Sources */ = {isa = PBXBuildFile; fileRef = 1B1D29BE2BA9BBD2003A5AC6 /* SignUpViewController.swift */; };
		1B1D29C12BA9BC06003A5AC6 /* LoginViewController.swift in Sources */ = {isa = PBXBuildFile; fileRef = 1B1D29C02BA9BC06003A5AC6 /* LoginViewController.swift */; };
		1B1D29C32BA9BE73003A5AC6 /* UIViewControllerRepresentable.swift in Sources */ = {isa = PBXBuildFile; fileRef = 1B1D29C22BA9BE72003A5AC6 /* UIViewControllerRepresentable.swift */; };
		1B1D29C62BA9E167003A5AC6 /* File.swift in Sources */ = {isa = PBXBuildFile; fileRef = 1B1D29C42BA9C04D003A5AC6 /* File.swift */; };
		1B3778822BA433E20037B375 /* home.swift in Sources */ = {isa = PBXBuildFile; fileRef = 1B3778812BA433E20037B375 /* home.swift */; };
		1BD6DB0C2BA23A5F00E42988 /* Vogue_VistaApp.swift in Sources */ = {isa = PBXBuildFile; fileRef = 1BD6DB0B2BA23A5F00E42988 /* Vogue_VistaApp.swift */; };
		1BD6DB102BA23A6100E42988 /* Assets.xcassets in Resources */ = {isa = PBXBuildFile; fileRef = 1BD6DB0F2BA23A6100E42988 /* Assets.xcassets */; };
		1BD6DB142BA23A6100E42988 /* Preview Assets.xcassets in Resources */ = {isa = PBXBuildFile; fileRef = 1BD6DB132BA23A6100E42988 /* Preview Assets.xcassets */; };
		1BD6DB222BA2401900E42988 /* Product.swift in Sources */ = {isa = PBXBuildFile; fileRef = 1BD6DB212BA2401900E42988 /* Product.swift */; };
		1BD6DB242BA2402900E42988 /* UsersModel.swift in Sources */ = {isa = PBXBuildFile; fileRef = 1BD6DB232BA2402900E42988 /* UsersModel.swift */; };
		1BD6DB2B2BA2407600E42988 /* ProductListView.swift in Sources */ = {isa = PBXBuildFile; fileRef = 1BD6DB2A2BA2407600E42988 /* ProductListView.swift */; };
		1BD6DB2D2BA2408400E42988 /* ProductDetailView.swift in Sources */ = {isa = PBXBuildFile; fileRef = 1BD6DB2C2BA2408400E42988 /* ProductDetailView.swift */; };
		1BD6DB2F2BA2408E00E42988 /* ShoppingCartView.swift in Sources */ = {isa = PBXBuildFile; fileRef = 1BD6DB2E2BA2408E00E42988 /* ShoppingCartView.swift */; };
		1BD6DB312BA2409700E42988 /* CheckoutView.swift in Sources */ = {isa = PBXBuildFile; fileRef = 1BD6DB302BA2409700E42988 /* CheckoutView.swift */; };
		1BD6DB342BA240BE00E42988 /* ProductListViewModel.swift in Sources */ = {isa = PBXBuildFile; fileRef = 1BD6DB332BA240BE00E42988 /* ProductListViewModel.swift */; };
		1BD6DB362BA240D100E42988 /* ProductDetailViewModel.swift in Sources */ = {isa = PBXBuildFile; fileRef = 1BD6DB352BA240D100E42988 /* ProductDetailViewModel.swift */; };
		1BD6DB382BA240DC00E42988 /* ShoppingCartViewModel.swift in Sources */ = {isa = PBXBuildFile; fileRef = 1BD6DB372BA240DC00E42988 /* ShoppingCartViewModel.swift */; };
		1BD6DB3A2BA240E500E42988 /* CheckoutViewModel.swift in Sources */ = {isa = PBXBuildFile; fileRef = 1BD6DB392BA240E500E42988 /* CheckoutViewModel.swift */; };
		1BD6DB3D2BA2410600E42988 /* NetworkService.swift in Sources */ = {isa = PBXBuildFile; fileRef = 1BD6DB3C2BA2410600E42988 /* NetworkService.swift */; };
		1BD6DB3F2BA2411100E42988 /* AuthService.swift in Sources */ = {isa = PBXBuildFile; fileRef = 1BD6DB3E2BA2411100E42988 /* AuthService.swift */; };
		1BD6DB412BA2411800E42988 /* ProductService.swift in Sources */ = {isa = PBXBuildFile; fileRef = 1BD6DB402BA2411800E42988 /* ProductService.swift */; };
		1BD6DB442BA2412C00E42988 /* Constants.swift in Sources */ = {isa = PBXBuildFile; fileRef = 1BD6DB432BA2412C00E42988 /* Constants.swift */; };
		1BD6DB462BA2413600E42988 /* Extensions.swift in Sources */ = {isa = PBXBuildFile; fileRef = 1BD6DB452BA2413600E42988 /* Extensions.swift */; };
		1BD6DB492BA2416900E42988 /* Localizable.strings in Resources */ = {isa = PBXBuildFile; fileRef = 1BD6DB482BA2416900E42988 /* Localizable.strings */; };
		1BD6DB502BA2460B00E42988 /* Auth0 in Frameworks */ = {isa = PBXBuildFile; productRef = 1BD6DB4F2BA2460B00E42988 /* Auth0 */; };
/* End PBXBuildFile section */

/* Begin PBXFileReference section */
		1B1D29BC2BA9BBB0003A5AC6 /* StartupPageViewController.swift */ = {isa = PBXFileReference; lastKnownFileType = sourcecode.swift; path = StartupPageViewController.swift; sourceTree = "<group>"; };
		1B1D29BE2BA9BBD2003A5AC6 /* SignUpViewController.swift */ = {isa = PBXFileReference; lastKnownFileType = sourcecode.swift; path = SignUpViewController.swift; sourceTree = "<group>"; };
		1B1D29C02BA9BC06003A5AC6 /* LoginViewController.swift */ = {isa = PBXFileReference; lastKnownFileType = sourcecode.swift; path = LoginViewController.swift; sourceTree = "<group>"; };
		1B1D29C22BA9BE72003A5AC6 /* UIViewControllerRepresentable.swift */ = {isa = PBXFileReference; lastKnownFileType = sourcecode.swift; path = UIViewControllerRepresentable.swift; sourceTree = "<group>"; };
		1B1D29C42BA9C04D003A5AC6 /* File.swift */ = {isa = PBXFileReference; lastKnownFileType = sourcecode.swift; path = File.swift; sourceTree = "<group>"; };
		1B3778812BA433E20037B375 /* home.swift */ = {isa = PBXFileReference; lastKnownFileType = sourcecode.swift; path = home.swift; sourceTree = "<group>"; };
		1BD6DB082BA23A5F00E42988 /* Vogue Vista.app */ = {isa = PBXFileReference; explicitFileType = wrapper.application; includeInIndex = 0; path = "Vogue Vista.app"; sourceTree = BUILT_PRODUCTS_DIR; };
		1BD6DB0B2BA23A5F00E42988 /* Vogue_VistaApp.swift */ = {isa = PBXFileReference; lastKnownFileType = sourcecode.swift; path = Vogue_VistaApp.swift; sourceTree = "<group>"; };
		1BD6DB0F2BA23A6100E42988 /* Assets.xcassets */ = {isa = PBXFileReference; lastKnownFileType = folder.assetcatalog; path = Assets.xcassets; sourceTree = "<group>"; };
		1BD6DB112BA23A6100E42988 /* Vogue_Vista.entitlements */ = {isa = PBXFileReference; lastKnownFileType = text.plist.entitlements; path = Vogue_Vista.entitlements; sourceTree = "<group>"; };
		1BD6DB132BA23A6100E42988 /* Preview Assets.xcassets */ = {isa = PBXFileReference; lastKnownFileType = folder.assetcatalog; path = "Preview Assets.xcassets"; sourceTree = "<group>"; };
		1BD6DB212BA2401900E42988 /* Product.swift */ = {isa = PBXFileReference; lastKnownFileType = sourcecode.swift; path = Product.swift; sourceTree = "<group>"; };
		1BD6DB232BA2402900E42988 /* UsersModel.swift */ = {isa = PBXFileReference; lastKnownFileType = sourcecode.swift; path = UsersModel.swift; sourceTree = "<group>"; };
		1BD6DB2A2BA2407600E42988 /* ProductListView.swift */ = {isa = PBXFileReference; lastKnownFileType = sourcecode.swift; path = ProductListView.swift; sourceTree = "<group>"; };
		1BD6DB2C2BA2408400E42988 /* ProductDetailView.swift */ = {isa = PBXFileReference; lastKnownFileType = sourcecode.swift; path = ProductDetailView.swift; sourceTree = "<group>"; };
		1BD6DB2E2BA2408E00E42988 /* ShoppingCartView.swift */ = {isa = PBXFileReference; lastKnownFileType = sourcecode.swift; path = ShoppingCartView.swift; sourceTree = "<group>"; };
		1BD6DB302BA2409700E42988 /* CheckoutView.swift */ = {isa = PBXFileReference; lastKnownFileType = sourcecode.swift; path = CheckoutView.swift; sourceTree = "<group>"; };
		1BD6DB332BA240BE00E42988 /* ProductListViewModel.swift */ = {isa = PBXFileReference; lastKnownFileType = sourcecode.swift; path = ProductListViewModel.swift; sourceTree = "<group>"; };
		1BD6DB352BA240D100E42988 /* ProductDetailViewModel.swift */ = {isa = PBXFileReference; lastKnownFileType = sourcecode.swift; path = ProductDetailViewModel.swift; sourceTree = "<group>"; };
		1BD6DB372BA240DC00E42988 /* ShoppingCartViewModel.swift */ = {isa = PBXFileReference; lastKnownFileType = sourcecode.swift; path = ShoppingCartViewModel.swift; sourceTree = "<group>"; };
		1BD6DB392BA240E500E42988 /* CheckoutViewModel.swift */ = {isa = PBXFileReference; lastKnownFileType = sourcecode.swift; path = CheckoutViewModel.swift; sourceTree = "<group>"; };
		1BD6DB3C2BA2410600E42988 /* NetworkService.swift */ = {isa = PBXFileReference; lastKnownFileType = sourcecode.swift; path = NetworkService.swift; sourceTree = "<group>"; };
		1BD6DB3E2BA2411100E42988 /* AuthService.swift */ = {isa = PBXFileReference; lastKnownFileType = sourcecode.swift; path = AuthService.swift; sourceTree = "<group>"; };
		1BD6DB402BA2411800E42988 /* ProductService.swift */ = {isa = PBXFileReference; lastKnownFileType = sourcecode.swift; path = ProductService.swift; sourceTree = "<group>"; };
		1BD6DB432BA2412C00E42988 /* Constants.swift */ = {isa = PBXFileReference; lastKnownFileType = sourcecode.swift; path = Constants.swift; sourceTree = "<group>"; };
		1BD6DB452BA2413600E42988 /* Extensions.swift */ = {isa = PBXFileReference; lastKnownFileType = sourcecode.swift; path = Extensions.swift; sourceTree = "<group>"; };
		1BD6DB482BA2416900E42988 /* Localizable.strings */ = {isa = PBXFileReference; lastKnownFileType = text.plist.strings; path = Localizable.strings; sourceTree = "<group>"; };
/* End PBXFileReference section */

/* Begin PBXFrameworksBuildPhase section */
		1BD6DB052BA23A5F00E42988 /* Frameworks */ = {
			isa = PBXFrameworksBuildPhase;
			buildActionMask = 2147483647;
			files = (
				1BD6DB502BA2460B00E42988 /* Auth0 in Frameworks */,
			);
			runOnlyForDeploymentPostprocessing = 0;
		};
/* End PBXFrameworksBuildPhase section */

/* Begin PBXGroup section */
		1B1D29C52BA9E15D003A5AC6 /* Backup */ = {
			isa = PBXGroup;
			children = (
				1B1D29C42BA9C04D003A5AC6 /* File.swift */,
			);
			path = Backup;
			sourceTree = "<group>";
		};
		1BD6DAFF2BA23A5F00E42988 = {
			isa = PBXGroup;
			children = (
				1B1D29C52BA9E15D003A5AC6 /* Backup */,
				1BD6DB0A2BA23A5F00E42988 /* Vogue Vista */,
				1BD6DB092BA23A5F00E42988 /* Products */,
			);
			sourceTree = "<group>";
		};
		1BD6DB092BA23A5F00E42988 /* Products */ = {
			isa = PBXGroup;
			children = (
				1BD6DB082BA23A5F00E42988 /* Vogue Vista.app */,
			);
			name = Products;
			sourceTree = "<group>";
		};
		1BD6DB0A2BA23A5F00E42988 /* Vogue Vista */ = {
			isa = PBXGroup;
			children = (
				1BD6DB0B2BA23A5F00E42988 /* Vogue_VistaApp.swift */,
				1B1D29C22BA9BE72003A5AC6 /* UIViewControllerRepresentable.swift */,
				1B1D29BC2BA9BBB0003A5AC6 /* StartupPageViewController.swift */,
				1BD6DB572BA2490500E42988 /* Screens */,
				1BD6DB202BA2400900E42988 /* Models */,
				1BD6DB252BA2403A00E42988 /* Views */,
				1BD6DB322BA240A600E42988 /* ViewModels */,
				1BD6DB3B2BA240EB00E42988 /* Services */,
				1BD6DB422BA2412300E42988 /* Utilities */,
				1BD6DB472BA2414300E42988 /* Resources */,
				1BD6DB0F2BA23A6100E42988 /* Assets.xcassets */,
				1BD6DB112BA23A6100E42988 /* Vogue_Vista.entitlements */,
				1BD6DB122BA23A6100E42988 /* Preview Content */,
			);
			path = "Vogue Vista";
			sourceTree = "<group>";
		};
		1BD6DB122BA23A6100E42988 /* Preview Content */ = {
			isa = PBXGroup;
			children = (
				1BD6DB132BA23A6100E42988 /* Preview Assets.xcassets */,
			);
			path = "Preview Content";
			sourceTree = "<group>";
		};
		1BD6DB202BA2400900E42988 /* Models */ = {
			isa = PBXGroup;
			children = (
				1BD6DB212BA2401900E42988 /* Product.swift */,
				1BD6DB232BA2402900E42988 /* UsersModel.swift */,
			);
			path = Models;
			sourceTree = "<group>";
		};
		1BD6DB252BA2403A00E42988 /* Views */ = {
			isa = PBXGroup;
			children = (
				1BD6DB2A2BA2407600E42988 /* ProductListView.swift */,
				1BD6DB2C2BA2408400E42988 /* ProductDetailView.swift */,
				1BD6DB2E2BA2408E00E42988 /* ShoppingCartView.swift */,
				1BD6DB302BA2409700E42988 /* CheckoutView.swift */,
			);
			path = Views;
			sourceTree = "<group>";
		};
		1BD6DB322BA240A600E42988 /* ViewModels */ = {
			isa = PBXGroup;
			children = (
				1BD6DB332BA240BE00E42988 /* ProductListViewModel.swift */,
				1BD6DB352BA240D100E42988 /* ProductDetailViewModel.swift */,
				1BD6DB372BA240DC00E42988 /* ShoppingCartViewModel.swift */,
				1BD6DB392BA240E500E42988 /* CheckoutViewModel.swift */,
			);
			path = ViewModels;
			sourceTree = "<group>";
		};
		1BD6DB3B2BA240EB00E42988 /* Services */ = {
			isa = PBXGroup;
			children = (
				1BD6DB3C2BA2410600E42988 /* NetworkService.swift */,
				1BD6DB3E2BA2411100E42988 /* AuthService.swift */,
				1BD6DB402BA2411800E42988 /* ProductService.swift */,
			);
			path = Services;
			sourceTree = "<group>";
		};
		1BD6DB422BA2412300E42988 /* Utilities */ = {
			isa = PBXGroup;
			children = (
				1BD6DB432BA2412C00E42988 /* Constants.swift */,
				1BD6DB452BA2413600E42988 /* Extensions.swift */,
			);
			path = Utilities;
			sourceTree = "<group>";
		};
		1BD6DB472BA2414300E42988 /* Resources */ = {
			isa = PBXGroup;
			children = (
				1BD6DB482BA2416900E42988 /* Localizable.strings */,
			);
			path = Resources;
			sourceTree = "<group>";
		};
		1BD6DB572BA2490500E42988 /* Screens */ = {
			isa = PBXGroup;
			children = (
				1B1D29BE2BA9BBD2003A5AC6 /* SignUpViewController.swift */,
				1B1D29C02BA9BC06003A5AC6 /* LoginViewController.swift */,
				1B3778812BA433E20037B375 /* home.swift */,
			);
			path = Screens;
			sourceTree = "<group>";
		};
/* End PBXGroup section */

/* Begin PBXNativeTarget section */
		1BD6DB072BA23A5F00E42988 /* Vogue Vista */ = {
			isa = PBXNativeTarget;
			buildConfigurationList = 1BD6DB172BA23A6100E42988 /* Build configuration list for PBXNativeTarget "Vogue Vista" */;
			buildPhases = (
				1BD6DB042BA23A5F00E42988 /* Sources */,
				1BD6DB052BA23A5F00E42988 /* Frameworks */,
				1BD6DB062BA23A5F00E42988 /* Resources */,
			);
			buildRules = (
			);
			dependencies = (
			);
			name = "Vogue Vista";
			packageProductDependencies = (
				1BD6DB4F2BA2460B00E42988 /* Auth0 */,
			);
			productName = "Vogue Vista";
			productReference = 1BD6DB082BA23A5F00E42988 /* Vogue Vista.app */;
			productType = "com.apple.product-type.application";
		};
/* End PBXNativeTarget section */

/* Begin PBXProject section */
		1BD6DB002BA23A5F00E42988 /* Project object */ = {
			isa = PBXProject;
			attributes = {
				BuildIndependentTargetsInParallel = 1;
				LastSwiftUpdateCheck = 1510;
				LastUpgradeCheck = 1510;
				TargetAttributes = {
					1BD6DB072BA23A5F00E42988 = {
						CreatedOnToolsVersion = 15.1;
					};
				};
			};
			buildConfigurationList = 1BD6DB032BA23A5F00E42988 /* Build configuration list for PBXProject "Vogue Vista" */;
			compatibilityVersion = "Xcode 14.0";
			developmentRegion = en;
			hasScannedForEncodings = 0;
			knownRegions = (
				en,
				Base,
			);
			mainGroup = 1BD6DAFF2BA23A5F00E42988;
			packageReferences = (
				1BD6DB4E2BA2460A00E42988 /* XCRemoteSwiftPackageReference "Auth0.swift" */,
			);
			productRefGroup = 1BD6DB092BA23A5F00E42988 /* Products */;
			projectDirPath = "";
			projectRoot = "";
			targets = (
				1BD6DB072BA23A5F00E42988 /* Vogue Vista */,
			);
		};
/* End PBXProject section */

/* Begin PBXResourcesBuildPhase section */
		1BD6DB062BA23A5F00E42988 /* Resources */ = {
			isa = PBXResourcesBuildPhase;
			buildActionMask = 2147483647;
			files = (
				1BD6DB142BA23A6100E42988 /* Preview Assets.xcassets in Resources */,
				1BD6DB492BA2416900E42988 /* Localizable.strings in Resources */,
				1BD6DB102BA23A6100E42988 /* Assets.xcassets in Resources */,
			);
			runOnlyForDeploymentPostprocessing = 0;
		};
/* End PBXResourcesBuildPhase section */

/* Begin PBXSourcesBuildPhase section */
		1BD6DB042BA23A5F00E42988 /* Sources */ = {
			isa = PBXSourcesBuildPhase;
			buildActionMask = 2147483647;
			files = (
				1B1D29C62BA9E167003A5AC6 /* File.swift in Sources */,
				1BD6DB2D2BA2408400E42988 /* ProductDetailView.swift in Sources */,
				1BD6DB3D2BA2410600E42988 /* NetworkService.swift in Sources */,
				1BD6DB382BA240DC00E42988 /* ShoppingCartViewModel.swift in Sources */,
				1BD6DB3F2BA2411100E42988 /* AuthService.swift in Sources */,
				1B1D29BF2BA9BBD2003A5AC6 /* SignUpViewController.swift in Sources */,
				1BD6DB2B2BA2407600E42988 /* ProductListView.swift in Sources */,
				1B1D29BD2BA9BBB0003A5AC6 /* StartupPageViewController.swift in Sources */,
				1BD6DB462BA2413600E42988 /* Extensions.swift in Sources */,
				1BD6DB412BA2411800E42988 /* ProductService.swift in Sources */,
				1B3778822BA433E20037B375 /* home.swift in Sources */,
				1B1D29C12BA9BC06003A5AC6 /* LoginViewController.swift in Sources */,
				1BD6DB442BA2412C00E42988 /* Constants.swift in Sources */,
				1BD6DB312BA2409700E42988 /* CheckoutView.swift in Sources */,
				1BD6DB362BA240D100E42988 /* ProductDetailViewModel.swift in Sources */,
				1BD6DB0C2BA23A5F00E42988 /* Vogue_VistaApp.swift in Sources */,
				1BD6DB342BA240BE00E42988 /* ProductListViewModel.swift in Sources */,
				1BD6DB222BA2401900E42988 /* Product.swift in Sources */,
				1BD6DB3A2BA240E500E42988 /* CheckoutViewModel.swift in Sources */,
				1BD6DB2F2BA2408E00E42988 /* ShoppingCartView.swift in Sources */,
				1BD6DB242BA2402900E42988 /* UsersModel.swift in Sources */,
				1B1D29C32BA9BE73003A5AC6 /* UIViewControllerRepresentable.swift in Sources */,
			);
			runOnlyForDeploymentPostprocessing = 0;
		};
/* End PBXSourcesBuildPhase section */

/* Begin XCBuildConfiguration section */
		1BD6DB152BA23A6100E42988 /* Debug */ = {
			isa = XCBuildConfiguration;
			buildSettings = {
				ALWAYS_SEARCH_USER_PATHS = NO;
				ASSETCATALOG_COMPILER_GENERATE_SWIFT_ASSET_SYMBOL_EXTENSIONS = YES;
				CLANG_ANALYZER_NONNULL = YES;
				CLANG_ANALYZER_NUMBER_OBJECT_CONVERSION = YES_AGGRESSIVE;
				CLANG_CXX_LANGUAGE_STANDARD = "gnu++20";
				CLANG_ENABLE_MODULES = YES;
				CLANG_ENABLE_OBJC_ARC = YES;
				CLANG_ENABLE_OBJC_WEAK = YES;
				CLANG_WARN_BLOCK_CAPTURE_AUTORELEASING = YES;
				CLANG_WARN_BOOL_CONVERSION = YES;
				CLANG_WARN_COMMA = YES;
				CLANG_WARN_CONSTANT_CONVERSION = YES;
				CLANG_WARN_DEPRECATED_OBJC_IMPLEMENTATIONS = YES;
				CLANG_WARN_DIRECT_OBJC_ISA_USAGE = YES_ERROR;
				CLANG_WARN_DOCUMENTATION_COMMENTS = YES;
				CLANG_WARN_EMPTY_BODY = YES;
				CLANG_WARN_ENUM_CONVERSION = YES;
				CLANG_WARN_INFINITE_RECURSION = YES;
				CLANG_WARN_INT_CONVERSION = YES;
				CLANG_WARN_NON_LITERAL_NULL_CONVERSION = YES;
				CLANG_WARN_OBJC_IMPLICIT_RETAIN_SELF = YES;
				CLANG_WARN_OBJC_LITERAL_CONVERSION = YES;
				CLANG_WARN_OBJC_ROOT_CLASS = YES_ERROR;
				CLANG_WARN_QUOTED_INCLUDE_IN_FRAMEWORK_HEADER = YES;
				CLANG_WARN_RANGE_LOOP_ANALYSIS = YES;
				CLANG_WARN_STRICT_PROTOTYPES = YES;
				CLANG_WARN_SUSPICIOUS_MOVE = YES;
				CLANG_WARN_UNGUARDED_AVAILABILITY = YES_AGGRESSIVE;
				CLANG_WARN_UNREACHABLE_CODE = YES;
				CLANG_WARN__DUPLICATE_METHOD_MATCH = YES;
				COPY_PHASE_STRIP = NO;
				DEBUG_INFORMATION_FORMAT = dwarf;
				ENABLE_STRICT_OBJC_MSGSEND = YES;
				ENABLE_TESTABILITY = YES;
				ENABLE_USER_SCRIPT_SANDBOXING = YES;
				GCC_C_LANGUAGE_STANDARD = gnu17;
				GCC_DYNAMIC_NO_PIC = NO;
				GCC_NO_COMMON_BLOCKS = YES;
				GCC_OPTIMIZATION_LEVEL = 0;
				GCC_PREPROCESSOR_DEFINITIONS = (
					"DEBUG=1",
					"$(inherited)",
				);
				GCC_WARN_64_TO_32_BIT_CONVERSION = YES;
				GCC_WARN_ABOUT_RETURN_TYPE = YES_ERROR;
				GCC_WARN_UNDECLARED_SELECTOR = YES;
				GCC_WARN_UNINITIALIZED_AUTOS = YES_AGGRESSIVE;
				GCC_WARN_UNUSED_FUNCTION = YES;
				GCC_WARN_UNUSED_VARIABLE = YES;
				LOCALIZATION_PREFERS_STRING_CATALOGS = YES;
				MTL_ENABLE_DEBUG_INFO = INCLUDE_SOURCE;
				MTL_FAST_MATH = YES;
				ONLY_ACTIVE_ARCH = YES;
				SWIFT_ACTIVE_COMPILATION_CONDITIONS = "DEBUG $(inherited)";
				SWIFT_OPTIMIZATION_LEVEL = "-Onone";
			};
			name = Debug;
		};
		1BD6DB162BA23A6100E42988 /* Release */ = {
			isa = XCBuildConfiguration;
			buildSettings = {
				ALWAYS_SEARCH_USER_PATHS = NO;
				ASSETCATALOG_COMPILER_GENERATE_SWIFT_ASSET_SYMBOL_EXTENSIONS = YES;
				CLANG_ANALYZER_NONNULL = YES;
				CLANG_ANALYZER_NUMBER_OBJECT_CONVERSION = YES_AGGRESSIVE;
				CLANG_CXX_LANGUAGE_STANDARD = "gnu++20";
				CLANG_ENABLE_MODULES = YES;
				CLANG_ENABLE_OBJC_ARC = YES;
				CLANG_ENABLE_OBJC_WEAK = YES;
				CLANG_WARN_BLOCK_CAPTURE_AUTORELEASING = YES;
				CLANG_WARN_BOOL_CONVERSION = YES;
				CLANG_WARN_COMMA = YES;
				CLANG_WARN_CONSTANT_CONVERSION = YES;
				CLANG_WARN_DEPRECATED_OBJC_IMPLEMENTATIONS = YES;
				CLANG_WARN_DIRECT_OBJC_ISA_USAGE = YES_ERROR;
				CLANG_WARN_DOCUMENTATION_COMMENTS = YES;
				CLANG_WARN_EMPTY_BODY = YES;
				CLANG_WARN_ENUM_CONVERSION = YES;
				CLANG_WARN_INFINITE_RECURSION = YES;
				CLANG_WARN_INT_CONVERSION = YES;
				CLANG_WARN_NON_LITERAL_NULL_CONVERSION = YES;
				CLANG_WARN_OBJC_IMPLICIT_RETAIN_SELF = YES;
				CLANG_WARN_OBJC_LITERAL_CONVERSION = YES;
				CLANG_WARN_OBJC_ROOT_CLASS = YES_ERROR;
				CLANG_WARN_QUOTED_INCLUDE_IN_FRAMEWORK_HEADER = YES;
				CLANG_WARN_RANGE_LOOP_ANALYSIS = YES;
				CLANG_WARN_STRICT_PROTOTYPES = YES;
				CLANG_WARN_SUSPICIOUS_MOVE = YES;
				CLANG_WARN_UNGUARDED_AVAILABILITY = YES_AGGRESSIVE;
				CLANG_WARN_UNREACHABLE_CODE = YES;
				CLANG_WARN__DUPLICATE_METHOD_MATCH = YES;
				COPY_PHASE_STRIP = NO;
				DEBUG_INFORMATION_FORMAT = "dwarf-with-dsym";
				ENABLE_NS_ASSERTIONS = NO;
				ENABLE_STRICT_OBJC_MSGSEND = YES;
				ENABLE_USER_SCRIPT_SANDBOXING = YES;
				GCC_C_LANGUAGE_STANDARD = gnu17;
				GCC_NO_COMMON_BLOCKS = YES;
				GCC_WARN_64_TO_32_BIT_CONVERSION = YES;
				GCC_WARN_ABOUT_RETURN_TYPE = YES_ERROR;
				GCC_WARN_UNDECLARED_SELECTOR = YES;
				GCC_WARN_UNINITIALIZED_AUTOS = YES_AGGRESSIVE;
				GCC_WARN_UNUSED_FUNCTION = YES;
				GCC_WARN_UNUSED_VARIABLE = YES;
				LOCALIZATION_PREFERS_STRING_CATALOGS = YES;
				MTL_ENABLE_DEBUG_INFO = NO;
				MTL_FAST_MATH = YES;
				SWIFT_COMPILATION_MODE = wholemodule;
			};
			name = Release;
		};
		1BD6DB182BA23A6100E42988 /* Debug */ = {
			isa = XCBuildConfiguration;
			buildSettings = {
				ASSETCATALOG_COMPILER_APPICON_NAME = AppIcon;
				ASSETCATALOG_COMPILER_GLOBAL_ACCENT_COLOR_NAME = AccentColor;
				CODE_SIGN_ENTITLEMENTS = "Vogue Vista/Vogue_Vista.entitlements";
				CODE_SIGN_STYLE = Automatic;
				CURRENT_PROJECT_VERSION = 1;
				DEVELOPMENT_ASSET_PATHS = "\"Vogue Vista/Preview Content\"";
				DEVELOPMENT_TEAM = S36S3PC342;
				ENABLE_HARDENED_RUNTIME = YES;
				ENABLE_PREVIEWS = YES;
				GENERATE_INFOPLIST_FILE = YES;
				INFOPLIST_FILE = "Vogue-Vista-Info.plist";
				"INFOPLIST_KEY_UIApplicationSceneManifest_Generation[sdk=iphoneos*]" = YES;
				"INFOPLIST_KEY_UIApplicationSceneManifest_Generation[sdk=iphonesimulator*]" = YES;
				"INFOPLIST_KEY_UIApplicationSupportsIndirectInputEvents[sdk=iphoneos*]" = YES;
				"INFOPLIST_KEY_UIApplicationSupportsIndirectInputEvents[sdk=iphonesimulator*]" = YES;
				"INFOPLIST_KEY_UILaunchScreen_Generation[sdk=iphoneos*]" = YES;
				"INFOPLIST_KEY_UILaunchScreen_Generation[sdk=iphonesimulator*]" = YES;
				"INFOPLIST_KEY_UIStatusBarStyle[sdk=iphoneos*]" = UIStatusBarStyleDefault;
				"INFOPLIST_KEY_UIStatusBarStyle[sdk=iphonesimulator*]" = UIStatusBarStyleDefault;
				INFOPLIST_KEY_UISupportedInterfaceOrientations_iPad = "UIInterfaceOrientationPortrait UIInterfaceOrientationPortraitUpsideDown UIInterfaceOrientationLandscapeLeft UIInterfaceOrientationLandscapeRight";
				INFOPLIST_KEY_UISupportedInterfaceOrientations_iPhone = "UIInterfaceOrientationPortrait UIInterfaceOrientationLandscapeLeft UIInterfaceOrientationLandscapeRight";
				IPHONEOS_DEPLOYMENT_TARGET = 17.2;
				LD_RUNPATH_SEARCH_PATHS = "@executable_path/Frameworks";
				"LD_RUNPATH_SEARCH_PATHS[sdk=macosx*]" = "@executable_path/../Frameworks";
				MACOSX_DEPLOYMENT_TARGET = 14.2;
				MARKETING_VERSION = 1.0;
				PRODUCT_BUNDLE_IDENTIFIER = "com.thiranjaya.Vogue-Vista";
				PRODUCT_NAME = "$(TARGET_NAME)";
				SDKROOT = auto;
				SUPPORTED_PLATFORMS = "iphoneos iphonesimulator macosx";
				SWIFT_EMIT_LOC_STRINGS = YES;
				SWIFT_VERSION = 5.0;
				TARGETED_DEVICE_FAMILY = "1,2";
			};
			name = Debug;
		};
		1BD6DB192BA23A6100E42988 /* Release */ = {
			isa = XCBuildConfiguration;
			buildSettings = {
				ASSETCATALOG_COMPILER_APPICON_NAME = AppIcon;
				ASSETCATALOG_COMPILER_GLOBAL_ACCENT_COLOR_NAME = AccentColor;
				CODE_SIGN_ENTITLEMENTS = "Vogue Vista/Vogue_Vista.entitlements";
				CODE_SIGN_STYLE = Automatic;
				CURRENT_PROJECT_VERSION = 1;
				DEVELOPMENT_ASSET_PATHS = "\"Vogue Vista/Preview Content\"";
				DEVELOPMENT_TEAM = S36S3PC342;
				ENABLE_HARDENED_RUNTIME = YES;
				ENABLE_PREVIEWS = YES;
				GENERATE_INFOPLIST_FILE = YES;
				INFOPLIST_FILE = "Vogue-Vista-Info.plist";
				"INFOPLIST_KEY_UIApplicationSceneManifest_Generation[sdk=iphoneos*]" = YES;
				"INFOPLIST_KEY_UIApplicationSceneManifest_Generation[sdk=iphonesimulator*]" = YES;
				"INFOPLIST_KEY_UIApplicationSupportsIndirectInputEvents[sdk=iphoneos*]" = YES;
				"INFOPLIST_KEY_UIApplicationSupportsIndirectInputEvents[sdk=iphonesimulator*]" = YES;
				"INFOPLIST_KEY_UILaunchScreen_Generation[sdk=iphoneos*]" = YES;
				"INFOPLIST_KEY_UILaunchScreen_Generation[sdk=iphonesimulator*]" = YES;
				"INFOPLIST_KEY_UIStatusBarStyle[sdk=iphoneos*]" = UIStatusBarStyleDefault;
				"INFOPLIST_KEY_UIStatusBarStyle[sdk=iphonesimulator*]" = UIStatusBarStyleDefault;
				INFOPLIST_KEY_UISupportedInterfaceOrientations_iPad = "UIInterfaceOrientationPortrait UIInterfaceOrientationPortraitUpsideDown UIInterfaceOrientationLandscapeLeft UIInterfaceOrientationLandscapeRight";
				INFOPLIST_KEY_UISupportedInterfaceOrientations_iPhone = "UIInterfaceOrientationPortrait UIInterfaceOrientationLandscapeLeft UIInterfaceOrientationLandscapeRight";
				IPHONEOS_DEPLOYMENT_TARGET = 17.2;
				LD_RUNPATH_SEARCH_PATHS = "@executable_path/Frameworks";
				"LD_RUNPATH_SEARCH_PATHS[sdk=macosx*]" = "@executable_path/../Frameworks";
				MACOSX_DEPLOYMENT_TARGET = 14.2;
				MARKETING_VERSION = 1.0;
				PRODUCT_BUNDLE_IDENTIFIER = "com.thiranjaya.Vogue-Vista";
				PRODUCT_NAME = "$(TARGET_NAME)";
				SDKROOT = auto;
				SUPPORTED_PLATFORMS = "iphoneos iphonesimulator macosx";
				SWIFT_EMIT_LOC_STRINGS = YES;
				SWIFT_VERSION = 5.0;
				TARGETED_DEVICE_FAMILY = "1,2";
			};
			name = Release;
		};
/* End XCBuildConfiguration section */

/* Begin XCConfigurationList section */
		1BD6DB032BA23A5F00E42988 /* Build configuration list for PBXProject "Vogue Vista" */ = {
			isa = XCConfigurationList;
			buildConfigurations = (
				1BD6DB152BA23A6100E42988 /* Debug */,
				1BD6DB162BA23A6100E42988 /* Release */,
			);
			defaultConfigurationIsVisible = 0;
			defaultConfigurationName = Release;
		};
		1BD6DB172BA23A6100E42988 /* Build configuration list for PBXNativeTarget "Vogue Vista" */ = {
			isa = XCConfigurationList;
			buildConfigurations = (
				1BD6DB182BA23A6100E42988 /* Debug */,
				1BD6DB192BA23A6100E42988 /* Release */,
			);
			defaultConfigurationIsVisible = 0;
			defaultConfigurationName = Release;
		};
/* End XCConfigurationList section */

/* Begin XCRemoteSwiftPackageReference section */
		1BD6DB4E2BA2460A00E42988 /* XCRemoteSwiftPackageReference "Auth0.swift" */ = {
			isa = XCRemoteSwiftPackageReference;
			repositoryURL = "https://github.com/auth0/Auth0.swift.git";
			requirement = {
				kind = upToNextMajorVersion;
				minimumVersion = 2.6.0;
			};
		};
/* End XCRemoteSwiftPackageReference section */

/* Begin XCSwiftPackageProductDependency section */
		1BD6DB4F2BA2460B00E42988 /* Auth0 */ = {
			isa = XCSwiftPackageProductDependency;
			package = 1BD6DB4E2BA2460A00E42988 /* XCRemoteSwiftPackageReference "Auth0.swift" */;
			productName = Auth0;
		};
/* End XCSwiftPackageProductDependency section */
	};
	rootObject = 1BD6DB002BA23A5F00E42988 /* Project object */;
}
